
Microsoft Visual Studio Solution File, Format Version 12.00
# Visual Studio Version 16
VisualStudioVersion = 16.0.32002.261
MinimumVisualStudioVersion = 10.0.40219.1
Project("{13B669BE-BB05-4DDF-9536-439F39A36129}") = "Zad1PHP", "Zad1PHP.phpproj", "{57612D8B-FE31-4EDD-A8C3-E3DC7239BB64}"
EndProject
Global
	GlobalSection(SolutionConfigurationPlatforms) = preSolution
		Debug|Any CPU = Debug|Any CPU
		Release|Any CPU = Release|Any CPU
	EndGlobalSection
	GlobalSection(ProjectConfigurationPlatforms) = postSolution
		{57612D8B-FE31-4EDD-A8C3-E3DC7239BB64}.Debug|Any CPU.ActiveCfg = Debug|Any CPU
		{57612D8B-FE31-4EDD-A8C3-E3DC7239BB64}.Debug|Any CPU.Build.0 = Debug|Any CPU
		{57612D8B-FE31-4EDD-A8C3-E3DC7239BB64}.Release|Any CPU.ActiveCfg = Release|Any CPU
		{57612D8B-FE31-4EDD-A8C3-E3DC7239BB64}.Release|Any CPU.Build.0 = Release|Any CPU
	EndGlobalSection
	GlobalSection(SolutionProperties) = preSolution
		HideSolutionNode = FALSE
	EndGlobalSection
	GlobalSection(ExtensibilityGlobals) = postSolution
		SolutionGuid = {0886789C-4F9E-4F18-B331-9210D950157A}
	EndGlobalSection
EndGlobal
