
Microsoft Visual Studio Solution File, Format Version 12.00
# Visual Studio Version 16
VisualStudioVersion = 16.0.32002.261
MinimumVisualStudioVersion = 10.0.40219.1
Project("{13B669BE-BB05-4DDF-9536-439F39A36129}") = "TaskSeven", "TaskSeven.phpproj", "{AAF46DC0-194E-4F0A-BBA1-A0170A09C91F}"
EndProject
Global
	GlobalSection(SolutionConfigurationPlatforms) = preSolution
		Debug|Any CPU = Debug|Any CPU
		Release|Any CPU = Release|Any CPU
	EndGlobalSection
	GlobalSection(ProjectConfigurationPlatforms) = postSolution
		{AAF46DC0-194E-4F0A-BBA1-A0170A09C91F}.Debug|Any CPU.ActiveCfg = Debug|Any CPU
		{AAF46DC0-194E-4F0A-BBA1-A0170A09C91F}.Debug|Any CPU.Build.0 = Debug|Any CPU
		{AAF46DC0-194E-4F0A-BBA1-A0170A09C91F}.Release|Any CPU.ActiveCfg = Release|Any CPU
		{AAF46DC0-194E-4F0A-BBA1-A0170A09C91F}.Release|Any CPU.Build.0 = Release|Any CPU
	EndGlobalSection
	GlobalSection(SolutionProperties) = preSolution
		HideSolutionNode = FALSE
	EndGlobalSection
	GlobalSection(ExtensibilityGlobals) = postSolution
		SolutionGuid = {6B52060A-CC75-466E-9D3C-091BBD1F0B60}
	EndGlobalSection
EndGlobal
