
Microsoft Visual Studio Solution File, Format Version 12.00
# Visual Studio Version 16
VisualStudioVersion = 16.0.32002.261
MinimumVisualStudioVersion = 10.0.40219.1
Project("{13B669BE-BB05-4DDF-9536-439F39A36129}") = "TaskFifteen", "TaskFifteen.phpproj", "{9520A36A-CDFF-41DC-A051-ABE3B0E0E278}"
EndProject
Global
	GlobalSection(SolutionConfigurationPlatforms) = preSolution
		Debug|Any CPU = Debug|Any CPU
		Release|Any CPU = Release|Any CPU
	EndGlobalSection
	GlobalSection(ProjectConfigurationPlatforms) = postSolution
		{9520A36A-CDFF-41DC-A051-ABE3B0E0E278}.Debug|Any CPU.ActiveCfg = Debug|Any CPU
		{9520A36A-CDFF-41DC-A051-ABE3B0E0E278}.Debug|Any CPU.Build.0 = Debug|Any CPU
		{9520A36A-CDFF-41DC-A051-ABE3B0E0E278}.Release|Any CPU.ActiveCfg = Release|Any CPU
		{9520A36A-CDFF-41DC-A051-ABE3B0E0E278}.Release|Any CPU.Build.0 = Release|Any CPU
	EndGlobalSection
	GlobalSection(SolutionProperties) = preSolution
		HideSolutionNode = FALSE
	EndGlobalSection
	GlobalSection(ExtensibilityGlobals) = postSolution
		SolutionGuid = {EE66327B-6E44-4843-9488-CCF34A2F960B}
	EndGlobalSection
EndGlobal
